
Microsoft Visual Studio Solution File, Format Version 12.00
# Visual Studio 15
VisualStudioVersion = 15.0.28307.329
MinimumVisualStudioVersion = 10.0.40219.1
Project("{FAE04EC0-301F-11D3-BF4B-00C04F79EFBC}") = "ElectronicShop", "ElectronicShop\ElectronicShop.csproj", "{22DAF877-600F-46A7-9B23-B5F595E14B07}"
EndProject
Project("{FAE04EC0-301F-11D3-BF4B-00C04F79EFBC}") = "AccountService", "AccountService\AccountService.csproj", "{C81E061D-97E7-4AA7-9F2D-CD905D5CB9CA}"
EndProject
Project("{FAE04EC0-301F-11D3-BF4B-00C04F79EFBC}") = "ShopEngine", "ShopEngine\ShopEngine.csproj", "{DC1D96D9-9313-4536-B549-C923BD5CE395}"
EndProject
Global
	GlobalSection(SolutionConfigurationPlatforms) = preSolution
		Debug|Any CPU = Debug|Any CPU
		Release|Any CPU = Release|Any CPU
	EndGlobalSection
	GlobalSection(ProjectConfigurationPlatforms) = postSolution
		{22DAF877-600F-46A7-9B23-B5F595E14B07}.Debug|Any CPU.ActiveCfg = Debug|Any CPU
		{22DAF877-600F-46A7-9B23-B5F595E14B07}.Debug|Any CPU.Build.0 = Debug|Any CPU
		{22DAF877-600F-46A7-9B23-B5F595E14B07}.Release|Any CPU.ActiveCfg = Release|Any CPU
		{22DAF877-600F-46A7-9B23-B5F595E14B07}.Release|Any CPU.Build.0 = Release|Any CPU
		{C81E061D-97E7-4AA7-9F2D-CD905D5CB9CA}.Debug|Any CPU.ActiveCfg = Debug|Any CPU
		{C81E061D-97E7-4AA7-9F2D-CD905D5CB9CA}.Debug|Any CPU.Build.0 = Debug|Any CPU
		{C81E061D-97E7-4AA7-9F2D-CD905D5CB9CA}.Release|Any CPU.ActiveCfg = Release|Any CPU
		{C81E061D-97E7-4AA7-9F2D-CD905D5CB9CA}.Release|Any CPU.Build.0 = Release|Any CPU
		{DC1D96D9-9313-4536-B549-C923BD5CE395}.Debug|Any CPU.ActiveCfg = Debug|Any CPU
		{DC1D96D9-9313-4536-B549-C923BD5CE395}.Debug|Any CPU.Build.0 = Debug|Any CPU
		{DC1D96D9-9313-4536-B549-C923BD5CE395}.Release|Any CPU.ActiveCfg = Release|Any CPU
		{DC1D96D9-9313-4536-B549-C923BD5CE395}.Release|Any CPU.Build.0 = Release|Any CPU
	EndGlobalSection
	GlobalSection(SolutionProperties) = preSolution
		HideSolutionNode = FALSE
	EndGlobalSection
	GlobalSection(ExtensibilityGlobals) = postSolution
		SolutionGuid = {1942C746-C909-4BB4-BA8F-D7AF2ED58538}
	EndGlobalSection
EndGlobal
